
Microsoft Visual Studio Solution File, Format Version 12.00
# Visual Studio Version 17
VisualStudioVersion = 17.7.34202.233
MinimumVisualStudioVersion = 10.0.40219.1
Project("{FAE04EC0-301F-11D3-BF4B-00C04F79EFBC}") = "ConsoleApp1", "ConsoleApp1.csproj", "{366492B2-CF91-4F35-89D3-AD2FD9EB08DB}"
EndProject
Global
	GlobalSection(SolutionConfigurationPlatforms) = preSolution
		Debug|Any CPU = Debug|Any CPU
		Release|Any CPU = Release|Any CPU
	EndGlobalSection
	GlobalSection(ProjectConfigurationPlatforms) = postSolution
		{366492B2-CF91-4F35-89D3-AD2FD9EB08DB}.Debug|Any CPU.ActiveCfg = Debug|Any CPU
		{366492B2-CF91-4F35-89D3-AD2FD9EB08DB}.Debug|Any CPU.Build.0 = Debug|Any CPU
		{366492B2-CF91-4F35-89D3-AD2FD9EB08DB}.Release|Any CPU.ActiveCfg = Release|Any CPU
		{366492B2-CF91-4F35-89D3-AD2FD9EB08DB}.Release|Any CPU.Build.0 = Release|Any CPU
	EndGlobalSection
	GlobalSection(SolutionProperties) = preSolution
		HideSolutionNode = FALSE
	EndGlobalSection
	GlobalSection(ExtensibilityGlobals) = postSolution
		SolutionGuid = {70B6A67B-6392-4529-9A15-F23F1644C797}
	EndGlobalSection
EndGlobal
