
Microsoft Visual Studio Solution File, Format Version 12.00
# Visual Studio Version 17
VisualStudioVersion = 17.7.34202.233
MinimumVisualStudioVersion = 10.0.40219.1
Project("{FAE04EC0-301F-11D3-BF4B-00C04F79EFBC}") = "ConsoleApp2", "ConsoleApp2.csproj", "{19B8B6E8-820B-4DF2-9A57-CE63599A1AE7}"
EndProject
Global
	GlobalSection(SolutionConfigurationPlatforms) = preSolution
		Debug|Any CPU = Debug|Any CPU
		Release|Any CPU = Release|Any CPU
	EndGlobalSection
	GlobalSection(ProjectConfigurationPlatforms) = postSolution
		{19B8B6E8-820B-4DF2-9A57-CE63599A1AE7}.Debug|Any CPU.ActiveCfg = Debug|Any CPU
		{19B8B6E8-820B-4DF2-9A57-CE63599A1AE7}.Debug|Any CPU.Build.0 = Debug|Any CPU
		{19B8B6E8-820B-4DF2-9A57-CE63599A1AE7}.Release|Any CPU.ActiveCfg = Release|Any CPU
		{19B8B6E8-820B-4DF2-9A57-CE63599A1AE7}.Release|Any CPU.Build.0 = Release|Any CPU
	EndGlobalSection
	GlobalSection(SolutionProperties) = preSolution
		HideSolutionNode = FALSE
	EndGlobalSection
	GlobalSection(ExtensibilityGlobals) = postSolution
		SolutionGuid = {14E74D82-AD4E-49BB-883A-BA7005C01BC8}
	EndGlobalSection
EndGlobal
